
Microsoft Visual Studio Solution File, Format Version 12.00
# Visual Studio Version 17
VisualStudioVersion = 17.0.32002.185
MinimumVisualStudioVersion = 10.0.40219.1
Project("{9A19103F-16F7-4668-BE54-9A1E7A4F7556}") = "Domain", "Domain\Domain.csproj", "{398C2C65-0BC2-475F-AD40-C8195664148F}"
EndProject
Project("{9A19103F-16F7-4668-BE54-9A1E7A4F7556}") = "QuestionAdmin", "QuestionAdmin\QuestionAdmin.csproj", "{CE65A956-FA3D-44A0-A720-B35A5E897983}"
EndProject
Project("{9A19103F-16F7-4668-BE54-9A1E7A4F7556}") = "QuestionApi", "QuestionApi\QuestionApi.csproj", "{49B7877B-559E-4BA0-BF96-6CE8C1139AE2}"
EndProject
Project("{9A19103F-16F7-4668-BE54-9A1E7A4F7556}") = "Persistence", "Persistence\Persistence.csproj", "{EBF43365-0B71-47A2-9BD6-0AEF76C7DF30}"
EndProject
Project("{9A19103F-16F7-4668-BE54-9A1E7A4F7556}") = "Common", "Common\Common.csproj", "{256484E3-EA75-486D-B7F0-E5EAE763BB34}"
EndProject
Global
	GlobalSection(SolutionConfigurationPlatforms) = preSolution
		Debug|Any CPU = Debug|Any CPU
		Release|Any CPU = Release|Any CPU
	EndGlobalSection
	GlobalSection(ProjectConfigurationPlatforms) = postSolution
		{398C2C65-0BC2-475F-AD40-C8195664148F}.Debug|Any CPU.ActiveCfg = Debug|Any CPU
		{398C2C65-0BC2-475F-AD40-C8195664148F}.Debug|Any CPU.Build.0 = Debug|Any CPU
		{398C2C65-0BC2-475F-AD40-C8195664148F}.Release|Any CPU.ActiveCfg = Release|Any CPU
		{398C2C65-0BC2-475F-AD40-C8195664148F}.Release|Any CPU.Build.0 = Release|Any CPU
		{CE65A956-FA3D-44A0-A720-B35A5E897983}.Debug|Any CPU.ActiveCfg = Debug|Any CPU
		{CE65A956-FA3D-44A0-A720-B35A5E897983}.Debug|Any CPU.Build.0 = Debug|Any CPU
		{CE65A956-FA3D-44A0-A720-B35A5E897983}.Release|Any CPU.ActiveCfg = Release|Any CPU
		{CE65A956-FA3D-44A0-A720-B35A5E897983}.Release|Any CPU.Build.0 = Release|Any CPU
		{49B7877B-559E-4BA0-BF96-6CE8C1139AE2}.Debug|Any CPU.ActiveCfg = Debug|Any CPU
		{49B7877B-559E-4BA0-BF96-6CE8C1139AE2}.Debug|Any CPU.Build.0 = Debug|Any CPU
		{49B7877B-559E-4BA0-BF96-6CE8C1139AE2}.Release|Any CPU.ActiveCfg = Release|Any CPU
		{49B7877B-559E-4BA0-BF96-6CE8C1139AE2}.Release|Any CPU.Build.0 = Release|Any CPU
		{EBF43365-0B71-47A2-9BD6-0AEF76C7DF30}.Debug|Any CPU.ActiveCfg = Debug|Any CPU
		{EBF43365-0B71-47A2-9BD6-0AEF76C7DF30}.Debug|Any CPU.Build.0 = Debug|Any CPU
		{EBF43365-0B71-47A2-9BD6-0AEF76C7DF30}.Release|Any CPU.ActiveCfg = Release|Any CPU
		{EBF43365-0B71-47A2-9BD6-0AEF76C7DF30}.Release|Any CPU.Build.0 = Release|Any CPU
		{256484E3-EA75-486D-B7F0-E5EAE763BB34}.Debug|Any CPU.ActiveCfg = Debug|Any CPU
		{256484E3-EA75-486D-B7F0-E5EAE763BB34}.Debug|Any CPU.Build.0 = Debug|Any CPU
		{256484E3-EA75-486D-B7F0-E5EAE763BB34}.Release|Any CPU.ActiveCfg = Release|Any CPU
		{256484E3-EA75-486D-B7F0-E5EAE763BB34}.Release|Any CPU.Build.0 = Release|Any CPU
	EndGlobalSection
	GlobalSection(SolutionProperties) = preSolution
		HideSolutionNode = FALSE
	EndGlobalSection
	GlobalSection(ExtensibilityGlobals) = postSolution
		SolutionGuid = {F03FABB3-718C-4C07-9FB6-159833B94BD0}
	EndGlobalSection
EndGlobal
