
Microsoft Visual Studio Solution File, Format Version 12.00
# Visual Studio Version 17
VisualStudioVersion = 17.0.32112.339
MinimumVisualStudioVersion = 10.0.40219.1
Project("{9A19103F-16F7-4668-BE54-9A1E7A4F7556}") = "QuestionApi", "QuestionApi\QuestionApi.csproj", "{17DD5D7D-DCA0-4E40-9216-3573CABA75FD}"
EndProject
Project("{9A19103F-16F7-4668-BE54-9A1E7A4F7556}") = "Domain", "Domain\Domain.csproj", "{412B2AC1-CB39-40EE-BEF7-9466349723BE}"
EndProject
Project("{9A19103F-16F7-4668-BE54-9A1E7A4F7556}") = "Persistence", "Persistence\Persistence.csproj", "{7AA19046-AD3A-47E0-AFBC-D9742F145452}"
EndProject
Project("{9A19103F-16F7-4668-BE54-9A1E7A4F7556}") = "Common", "Common\Common.csproj", "{A15CB734-3805-4984-969F-2E69CAEB7987}"
EndProject
Project("{9A19103F-16F7-4668-BE54-9A1E7A4F7556}") = "Persistence.Test", "Persistence.Test\Persistence.Test.csproj", "{39429B31-E8CE-473F-AE71-C1AF9C5883FD}"
EndProject
Project("{9A19103F-16F7-4668-BE54-9A1E7A4F7556}") = "AppLogic", "AppLogic\AppLogic.csproj", "{1A168B25-CB5F-430C-AD59-ADE72D9F22BF}"
EndProject
Project("{54A90642-561A-4BB1-A94E-469ADEE60C69}") = "QuestionManager", "QuestionManager\QuestionManager.esproj", "{8A3D3826-47DA-457A-A3D5-7CFEA4573717}"
EndProject
Project("{E53339B2-1760-4266-BCC7-CA923CBCF16C}") = "docker-compose", "docker-compose.dcproj", "{C21F38A3-5212-4A8F-9F23-3258C6F34B9C}"
EndProject
Project("{9A19103F-16F7-4668-BE54-9A1E7A4F7556}") = "Domain.Quiz", "Domain.Quiz\Domain.Quiz.csproj", "{AB1FBF3A-026A-48FF-BF55-5F0B794432F3}"
EndProject
Project("{9A19103F-16F7-4668-BE54-9A1E7A4F7556}") = "Common.Quiz", "Common.Quiz\Common.Quiz.csproj", "{4A8CFFDD-8601-43FF-B199-A68267796096}"
EndProject
Project("{9A19103F-16F7-4668-BE54-9A1E7A4F7556}") = "Persistent.Quiz", "Persistent.Quiz\Persistent.Quiz.csproj", "{E6E15B50-9D7B-4D10-85C2-3D9EBEB60D60}"
EndProject
Project("{9A19103F-16F7-4668-BE54-9A1E7A4F7556}") = "AppLogic.Quiz", "AppLogic.Quiz\AppLogic.Quiz.csproj", "{A6915D96-959B-426D-B74E-43364709A5BA}"
EndProject
Project("{9A19103F-16F7-4668-BE54-9A1E7A4F7556}") = "QuizApi", "QuizApi\QuizApi.csproj", "{7929BD93-7DDD-4431-9194-166B3473AF2C}"
EndProject
Global
	GlobalSection(SolutionConfigurationPlatforms) = preSolution
		Debug|Any CPU = Debug|Any CPU
		Release|Any CPU = Release|Any CPU
	EndGlobalSection
	GlobalSection(ProjectConfigurationPlatforms) = postSolution
		{17DD5D7D-DCA0-4E40-9216-3573CABA75FD}.Debug|Any CPU.ActiveCfg = Debug|Any CPU
		{17DD5D7D-DCA0-4E40-9216-3573CABA75FD}.Debug|Any CPU.Build.0 = Debug|Any CPU
		{17DD5D7D-DCA0-4E40-9216-3573CABA75FD}.Release|Any CPU.ActiveCfg = Release|Any CPU
		{17DD5D7D-DCA0-4E40-9216-3573CABA75FD}.Release|Any CPU.Build.0 = Release|Any CPU
		{412B2AC1-CB39-40EE-BEF7-9466349723BE}.Debug|Any CPU.ActiveCfg = Debug|Any CPU
		{412B2AC1-CB39-40EE-BEF7-9466349723BE}.Debug|Any CPU.Build.0 = Debug|Any CPU
		{412B2AC1-CB39-40EE-BEF7-9466349723BE}.Release|Any CPU.ActiveCfg = Release|Any CPU
		{412B2AC1-CB39-40EE-BEF7-9466349723BE}.Release|Any CPU.Build.0 = Release|Any CPU
		{7AA19046-AD3A-47E0-AFBC-D9742F145452}.Debug|Any CPU.ActiveCfg = Debug|Any CPU
		{7AA19046-AD3A-47E0-AFBC-D9742F145452}.Debug|Any CPU.Build.0 = Debug|Any CPU
		{7AA19046-AD3A-47E0-AFBC-D9742F145452}.Release|Any CPU.ActiveCfg = Release|Any CPU
		{7AA19046-AD3A-47E0-AFBC-D9742F145452}.Release|Any CPU.Build.0 = Release|Any CPU
		{A15CB734-3805-4984-969F-2E69CAEB7987}.Debug|Any CPU.ActiveCfg = Debug|Any CPU
		{A15CB734-3805-4984-969F-2E69CAEB7987}.Debug|Any CPU.Build.0 = Debug|Any CPU
		{A15CB734-3805-4984-969F-2E69CAEB7987}.Release|Any CPU.ActiveCfg = Release|Any CPU
		{A15CB734-3805-4984-969F-2E69CAEB7987}.Release|Any CPU.Build.0 = Release|Any CPU
		{39429B31-E8CE-473F-AE71-C1AF9C5883FD}.Debug|Any CPU.ActiveCfg = Debug|Any CPU
		{39429B31-E8CE-473F-AE71-C1AF9C5883FD}.Debug|Any CPU.Build.0 = Debug|Any CPU
		{39429B31-E8CE-473F-AE71-C1AF9C5883FD}.Release|Any CPU.ActiveCfg = Release|Any CPU
		{39429B31-E8CE-473F-AE71-C1AF9C5883FD}.Release|Any CPU.Build.0 = Release|Any CPU
		{1A168B25-CB5F-430C-AD59-ADE72D9F22BF}.Debug|Any CPU.ActiveCfg = Debug|Any CPU
		{1A168B25-CB5F-430C-AD59-ADE72D9F22BF}.Debug|Any CPU.Build.0 = Debug|Any CPU
		{1A168B25-CB5F-430C-AD59-ADE72D9F22BF}.Release|Any CPU.ActiveCfg = Release|Any CPU
		{1A168B25-CB5F-430C-AD59-ADE72D9F22BF}.Release|Any CPU.Build.0 = Release|Any CPU
		{8A3D3826-47DA-457A-A3D5-7CFEA4573717}.Debug|Any CPU.ActiveCfg = Debug|Any CPU
		{8A3D3826-47DA-457A-A3D5-7CFEA4573717}.Debug|Any CPU.Build.0 = Debug|Any CPU
		{8A3D3826-47DA-457A-A3D5-7CFEA4573717}.Debug|Any CPU.Deploy.0 = Debug|Any CPU
		{8A3D3826-47DA-457A-A3D5-7CFEA4573717}.Release|Any CPU.ActiveCfg = Release|Any CPU
		{8A3D3826-47DA-457A-A3D5-7CFEA4573717}.Release|Any CPU.Build.0 = Release|Any CPU
		{8A3D3826-47DA-457A-A3D5-7CFEA4573717}.Release|Any CPU.Deploy.0 = Release|Any CPU
		{C21F38A3-5212-4A8F-9F23-3258C6F34B9C}.Debug|Any CPU.ActiveCfg = Debug|Any CPU
		{C21F38A3-5212-4A8F-9F23-3258C6F34B9C}.Debug|Any CPU.Build.0 = Debug|Any CPU
		{C21F38A3-5212-4A8F-9F23-3258C6F34B9C}.Release|Any CPU.ActiveCfg = Release|Any CPU
		{C21F38A3-5212-4A8F-9F23-3258C6F34B9C}.Release|Any CPU.Build.0 = Release|Any CPU
		{AB1FBF3A-026A-48FF-BF55-5F0B794432F3}.Debug|Any CPU.ActiveCfg = Debug|Any CPU
		{AB1FBF3A-026A-48FF-BF55-5F0B794432F3}.Debug|Any CPU.Build.0 = Debug|Any CPU
		{AB1FBF3A-026A-48FF-BF55-5F0B794432F3}.Release|Any CPU.ActiveCfg = Release|Any CPU
		{AB1FBF3A-026A-48FF-BF55-5F0B794432F3}.Release|Any CPU.Build.0 = Release|Any CPU
		{4A8CFFDD-8601-43FF-B199-A68267796096}.Debug|Any CPU.ActiveCfg = Debug|Any CPU
		{4A8CFFDD-8601-43FF-B199-A68267796096}.Debug|Any CPU.Build.0 = Debug|Any CPU
		{4A8CFFDD-8601-43FF-B199-A68267796096}.Release|Any CPU.ActiveCfg = Release|Any CPU
		{4A8CFFDD-8601-43FF-B199-A68267796096}.Release|Any CPU.Build.0 = Release|Any CPU
		{E6E15B50-9D7B-4D10-85C2-3D9EBEB60D60}.Debug|Any CPU.ActiveCfg = Debug|Any CPU
		{E6E15B50-9D7B-4D10-85C2-3D9EBEB60D60}.Debug|Any CPU.Build.0 = Debug|Any CPU
		{E6E15B50-9D7B-4D10-85C2-3D9EBEB60D60}.Release|Any CPU.ActiveCfg = Release|Any CPU
		{E6E15B50-9D7B-4D10-85C2-3D9EBEB60D60}.Release|Any CPU.Build.0 = Release|Any CPU
		{A6915D96-959B-426D-B74E-43364709A5BA}.Debug|Any CPU.ActiveCfg = Debug|Any CPU
		{A6915D96-959B-426D-B74E-43364709A5BA}.Debug|Any CPU.Build.0 = Debug|Any CPU
		{A6915D96-959B-426D-B74E-43364709A5BA}.Release|Any CPU.ActiveCfg = Release|Any CPU
		{A6915D96-959B-426D-B74E-43364709A5BA}.Release|Any CPU.Build.0 = Release|Any CPU
		{7929BD93-7DDD-4431-9194-166B3473AF2C}.Debug|Any CPU.ActiveCfg = Debug|Any CPU
		{7929BD93-7DDD-4431-9194-166B3473AF2C}.Debug|Any CPU.Build.0 = Debug|Any CPU
		{7929BD93-7DDD-4431-9194-166B3473AF2C}.Release|Any CPU.ActiveCfg = Release|Any CPU
		{7929BD93-7DDD-4431-9194-166B3473AF2C}.Release|Any CPU.Build.0 = Release|Any CPU
	EndGlobalSection
	GlobalSection(SolutionProperties) = preSolution
		HideSolutionNode = FALSE
	EndGlobalSection
	GlobalSection(ExtensibilityGlobals) = postSolution
		SolutionGuid = {EEF7E265-A131-49E1-91E3-361D54826FCA}
	EndGlobalSection
EndGlobal
