
Microsoft Visual Studio Solution File, Format Version 12.00
# Visual Studio Version 16
VisualStudioVersion = 16.0.29806.167
MinimumVisualStudioVersion = 10.0.40219.1
Project("{9A19103F-16F7-4668-BE54-9A1E7A4F7556}") = "Domain", "Domain\Domain.csproj", "{76E9FD39-DF6C-46BC-AC3D-33B30B864278}"
EndProject
Project("{9A19103F-16F7-4668-BE54-9A1E7A4F7556}") = "Application", "Application\Application.csproj", "{4B1F8CE1-42CB-4179-92B4-06F94234F4DE}"
EndProject
Project("{9A19103F-16F7-4668-BE54-9A1E7A4F7556}") = "Persistence", "Persistence\Persistence.csproj", "{441F054A-B31A-43B4-964C-BAABF6EDE145}"
EndProject
Project("{9A19103F-16F7-4668-BE54-9A1E7A4F7556}") = "Common", "Common\Common.csproj", "{B2B14E2F-2AD7-4FA2-B59E-D9CB34B5BEF3}"
EndProject
Project("{9A19103F-16F7-4668-BE54-9A1E7A4F7556}") = "Test", "Test\Test.csproj", "{37D6D688-A386-4198-9E81-550946EF5523}"
EndProject
Project("{9A19103F-16F7-4668-BE54-9A1E7A4F7556}") = "Apis", "Apis\Apis.csproj", "{BAC3AD37-0E78-48B1-A35A-0F9E09C39E88}"
EndProject
Project("{9A19103F-16F7-4668-BE54-9A1E7A4F7556}") = "WebApis", "WebApis\WebApis.csproj", "{5BA2EB7D-3CF0-465F-BE39-8331A72868BB}"
EndProject
Project("{FAE04EC0-301F-11D3-BF4B-00C04F79EFBC}") = "Quizino.Android", "Quizino\Quizino.Android\Quizino.Android.csproj", "{A3BFE561-29A1-44F9-B190-168D4794AB58}"
EndProject
Project("{FAE04EC0-301F-11D3-BF4B-00C04F79EFBC}") = "Quizino.iOS", "Quizino\Quizino.iOS\Quizino.iOS.csproj", "{864FE0BF-BB14-4868-88F3-2C346B902639}"
EndProject
Project("{9A19103F-16F7-4668-BE54-9A1E7A4F7556}") = "Quizino", "Quizino\Quizino\Quizino.csproj", "{9F169AF0-AB75-4DFD-AB2C-53AD54B7BBA5}"
EndProject
Project("{FAE04EC0-301F-11D3-BF4B-00C04F79EFBC}") = "QuestionBank", "QuestionBank\QuestionBank.csproj", "{C6CFA51C-6ACE-4201-BE7C-F20DB688388C}"
EndProject
Global
	GlobalSection(SolutionConfigurationPlatforms) = preSolution
		Debug|Any CPU = Debug|Any CPU
		Debug|iPhone = Debug|iPhone
		Debug|iPhoneSimulator = Debug|iPhoneSimulator
		Release|Any CPU = Release|Any CPU
		Release|iPhone = Release|iPhone
		Release|iPhoneSimulator = Release|iPhoneSimulator
	EndGlobalSection
	GlobalSection(ProjectConfigurationPlatforms) = postSolution
		{76E9FD39-DF6C-46BC-AC3D-33B30B864278}.Debug|Any CPU.ActiveCfg = Debug|Any CPU
		{76E9FD39-DF6C-46BC-AC3D-33B30B864278}.Debug|Any CPU.Build.0 = Debug|Any CPU
		{76E9FD39-DF6C-46BC-AC3D-33B30B864278}.Debug|iPhone.ActiveCfg = Debug|Any CPU
		{76E9FD39-DF6C-46BC-AC3D-33B30B864278}.Debug|iPhone.Build.0 = Debug|Any CPU
		{76E9FD39-DF6C-46BC-AC3D-33B30B864278}.Debug|iPhoneSimulator.ActiveCfg = Debug|Any CPU
		{76E9FD39-DF6C-46BC-AC3D-33B30B864278}.Debug|iPhoneSimulator.Build.0 = Debug|Any CPU
		{76E9FD39-DF6C-46BC-AC3D-33B30B864278}.Release|Any CPU.ActiveCfg = Release|Any CPU
		{76E9FD39-DF6C-46BC-AC3D-33B30B864278}.Release|Any CPU.Build.0 = Release|Any CPU
		{76E9FD39-DF6C-46BC-AC3D-33B30B864278}.Release|iPhone.ActiveCfg = Release|Any CPU
		{76E9FD39-DF6C-46BC-AC3D-33B30B864278}.Release|iPhone.Build.0 = Release|Any CPU
		{76E9FD39-DF6C-46BC-AC3D-33B30B864278}.Release|iPhoneSimulator.ActiveCfg = Release|Any CPU
		{76E9FD39-DF6C-46BC-AC3D-33B30B864278}.Release|iPhoneSimulator.Build.0 = Release|Any CPU
		{4B1F8CE1-42CB-4179-92B4-06F94234F4DE}.Debug|Any CPU.ActiveCfg = Debug|Any CPU
		{4B1F8CE1-42CB-4179-92B4-06F94234F4DE}.Debug|Any CPU.Build.0 = Debug|Any CPU
		{4B1F8CE1-42CB-4179-92B4-06F94234F4DE}.Debug|iPhone.ActiveCfg = Debug|Any CPU
		{4B1F8CE1-42CB-4179-92B4-06F94234F4DE}.Debug|iPhone.Build.0 = Debug|Any CPU
		{4B1F8CE1-42CB-4179-92B4-06F94234F4DE}.Debug|iPhoneSimulator.ActiveCfg = Debug|Any CPU
		{4B1F8CE1-42CB-4179-92B4-06F94234F4DE}.Debug|iPhoneSimulator.Build.0 = Debug|Any CPU
		{4B1F8CE1-42CB-4179-92B4-06F94234F4DE}.Release|Any CPU.ActiveCfg = Release|Any CPU
		{4B1F8CE1-42CB-4179-92B4-06F94234F4DE}.Release|Any CPU.Build.0 = Release|Any CPU
		{4B1F8CE1-42CB-4179-92B4-06F94234F4DE}.Release|iPhone.ActiveCfg = Release|Any CPU
		{4B1F8CE1-42CB-4179-92B4-06F94234F4DE}.Release|iPhone.Build.0 = Release|Any CPU
		{4B1F8CE1-42CB-4179-92B4-06F94234F4DE}.Release|iPhoneSimulator.ActiveCfg = Release|Any CPU
		{4B1F8CE1-42CB-4179-92B4-06F94234F4DE}.Release|iPhoneSimulator.Build.0 = Release|Any CPU
		{441F054A-B31A-43B4-964C-BAABF6EDE145}.Debug|Any CPU.ActiveCfg = Debug|Any CPU
		{441F054A-B31A-43B4-964C-BAABF6EDE145}.Debug|Any CPU.Build.0 = Debug|Any CPU
		{441F054A-B31A-43B4-964C-BAABF6EDE145}.Debug|iPhone.ActiveCfg = Debug|Any CPU
		{441F054A-B31A-43B4-964C-BAABF6EDE145}.Debug|iPhone.Build.0 = Debug|Any CPU
		{441F054A-B31A-43B4-964C-BAABF6EDE145}.Debug|iPhoneSimulator.ActiveCfg = Debug|Any CPU
		{441F054A-B31A-43B4-964C-BAABF6EDE145}.Debug|iPhoneSimulator.Build.0 = Debug|Any CPU
		{441F054A-B31A-43B4-964C-BAABF6EDE145}.Release|Any CPU.ActiveCfg = Release|Any CPU
		{441F054A-B31A-43B4-964C-BAABF6EDE145}.Release|Any CPU.Build.0 = Release|Any CPU
		{441F054A-B31A-43B4-964C-BAABF6EDE145}.Release|iPhone.ActiveCfg = Release|Any CPU
		{441F054A-B31A-43B4-964C-BAABF6EDE145}.Release|iPhone.Build.0 = Release|Any CPU
		{441F054A-B31A-43B4-964C-BAABF6EDE145}.Release|iPhoneSimulator.ActiveCfg = Release|Any CPU
		{441F054A-B31A-43B4-964C-BAABF6EDE145}.Release|iPhoneSimulator.Build.0 = Release|Any CPU
		{B2B14E2F-2AD7-4FA2-B59E-D9CB34B5BEF3}.Debug|Any CPU.ActiveCfg = Debug|Any CPU
		{B2B14E2F-2AD7-4FA2-B59E-D9CB34B5BEF3}.Debug|Any CPU.Build.0 = Debug|Any CPU
		{B2B14E2F-2AD7-4FA2-B59E-D9CB34B5BEF3}.Debug|iPhone.ActiveCfg = Debug|Any CPU
		{B2B14E2F-2AD7-4FA2-B59E-D9CB34B5BEF3}.Debug|iPhone.Build.0 = Debug|Any CPU
		{B2B14E2F-2AD7-4FA2-B59E-D9CB34B5BEF3}.Debug|iPhoneSimulator.ActiveCfg = Debug|Any CPU
		{B2B14E2F-2AD7-4FA2-B59E-D9CB34B5BEF3}.Debug|iPhoneSimulator.Build.0 = Debug|Any CPU
		{B2B14E2F-2AD7-4FA2-B59E-D9CB34B5BEF3}.Release|Any CPU.ActiveCfg = Release|Any CPU
		{B2B14E2F-2AD7-4FA2-B59E-D9CB34B5BEF3}.Release|Any CPU.Build.0 = Release|Any CPU
		{B2B14E2F-2AD7-4FA2-B59E-D9CB34B5BEF3}.Release|iPhone.ActiveCfg = Release|Any CPU
		{B2B14E2F-2AD7-4FA2-B59E-D9CB34B5BEF3}.Release|iPhone.Build.0 = Release|Any CPU
		{B2B14E2F-2AD7-4FA2-B59E-D9CB34B5BEF3}.Release|iPhoneSimulator.ActiveCfg = Release|Any CPU
		{B2B14E2F-2AD7-4FA2-B59E-D9CB34B5BEF3}.Release|iPhoneSimulator.Build.0 = Release|Any CPU
		{37D6D688-A386-4198-9E81-550946EF5523}.Debug|Any CPU.ActiveCfg = Debug|Any CPU
		{37D6D688-A386-4198-9E81-550946EF5523}.Debug|Any CPU.Build.0 = Debug|Any CPU
		{37D6D688-A386-4198-9E81-550946EF5523}.Debug|iPhone.ActiveCfg = Debug|Any CPU
		{37D6D688-A386-4198-9E81-550946EF5523}.Debug|iPhone.Build.0 = Debug|Any CPU
		{37D6D688-A386-4198-9E81-550946EF5523}.Debug|iPhoneSimulator.ActiveCfg = Debug|Any CPU
		{37D6D688-A386-4198-9E81-550946EF5523}.Debug|iPhoneSimulator.Build.0 = Debug|Any CPU
		{37D6D688-A386-4198-9E81-550946EF5523}.Release|Any CPU.ActiveCfg = Release|Any CPU
		{37D6D688-A386-4198-9E81-550946EF5523}.Release|Any CPU.Build.0 = Release|Any CPU
		{37D6D688-A386-4198-9E81-550946EF5523}.Release|iPhone.ActiveCfg = Release|Any CPU
		{37D6D688-A386-4198-9E81-550946EF5523}.Release|iPhone.Build.0 = Release|Any CPU
		{37D6D688-A386-4198-9E81-550946EF5523}.Release|iPhoneSimulator.ActiveCfg = Release|Any CPU
		{37D6D688-A386-4198-9E81-550946EF5523}.Release|iPhoneSimulator.Build.0 = Release|Any CPU
		{BAC3AD37-0E78-48B1-A35A-0F9E09C39E88}.Debug|Any CPU.ActiveCfg = Debug|Any CPU
		{BAC3AD37-0E78-48B1-A35A-0F9E09C39E88}.Debug|Any CPU.Build.0 = Debug|Any CPU
		{BAC3AD37-0E78-48B1-A35A-0F9E09C39E88}.Debug|iPhone.ActiveCfg = Debug|Any CPU
		{BAC3AD37-0E78-48B1-A35A-0F9E09C39E88}.Debug|iPhone.Build.0 = Debug|Any CPU
		{BAC3AD37-0E78-48B1-A35A-0F9E09C39E88}.Debug|iPhoneSimulator.ActiveCfg = Debug|Any CPU
		{BAC3AD37-0E78-48B1-A35A-0F9E09C39E88}.Debug|iPhoneSimulator.Build.0 = Debug|Any CPU
		{BAC3AD37-0E78-48B1-A35A-0F9E09C39E88}.Release|Any CPU.ActiveCfg = Release|Any CPU
		{BAC3AD37-0E78-48B1-A35A-0F9E09C39E88}.Release|Any CPU.Build.0 = Release|Any CPU
		{BAC3AD37-0E78-48B1-A35A-0F9E09C39E88}.Release|iPhone.ActiveCfg = Release|Any CPU
		{BAC3AD37-0E78-48B1-A35A-0F9E09C39E88}.Release|iPhone.Build.0 = Release|Any CPU
		{BAC3AD37-0E78-48B1-A35A-0F9E09C39E88}.Release|iPhoneSimulator.ActiveCfg = Release|Any CPU
		{BAC3AD37-0E78-48B1-A35A-0F9E09C39E88}.Release|iPhoneSimulator.Build.0 = Release|Any CPU
		{5BA2EB7D-3CF0-465F-BE39-8331A72868BB}.Debug|Any CPU.ActiveCfg = Debug|Any CPU
		{5BA2EB7D-3CF0-465F-BE39-8331A72868BB}.Debug|Any CPU.Build.0 = Debug|Any CPU
		{5BA2EB7D-3CF0-465F-BE39-8331A72868BB}.Debug|iPhone.ActiveCfg = Debug|Any CPU
		{5BA2EB7D-3CF0-465F-BE39-8331A72868BB}.Debug|iPhone.Build.0 = Debug|Any CPU
		{5BA2EB7D-3CF0-465F-BE39-8331A72868BB}.Debug|iPhoneSimulator.ActiveCfg = Debug|Any CPU
		{5BA2EB7D-3CF0-465F-BE39-8331A72868BB}.Debug|iPhoneSimulator.Build.0 = Debug|Any CPU
		{5BA2EB7D-3CF0-465F-BE39-8331A72868BB}.Release|Any CPU.ActiveCfg = Release|Any CPU
		{5BA2EB7D-3CF0-465F-BE39-8331A72868BB}.Release|Any CPU.Build.0 = Release|Any CPU
		{5BA2EB7D-3CF0-465F-BE39-8331A72868BB}.Release|iPhone.ActiveCfg = Release|Any CPU
		{5BA2EB7D-3CF0-465F-BE39-8331A72868BB}.Release|iPhone.Build.0 = Release|Any CPU
		{5BA2EB7D-3CF0-465F-BE39-8331A72868BB}.Release|iPhoneSimulator.ActiveCfg = Release|Any CPU
		{5BA2EB7D-3CF0-465F-BE39-8331A72868BB}.Release|iPhoneSimulator.Build.0 = Release|Any CPU
		{A3BFE561-29A1-44F9-B190-168D4794AB58}.Debug|Any CPU.ActiveCfg = Debug|Any CPU
		{A3BFE561-29A1-44F9-B190-168D4794AB58}.Debug|Any CPU.Build.0 = Debug|Any CPU
		{A3BFE561-29A1-44F9-B190-168D4794AB58}.Debug|Any CPU.Deploy.0 = Debug|Any CPU
		{A3BFE561-29A1-44F9-B190-168D4794AB58}.Debug|iPhone.ActiveCfg = Debug|Any CPU
		{A3BFE561-29A1-44F9-B190-168D4794AB58}.Debug|iPhone.Build.0 = Debug|Any CPU
		{A3BFE561-29A1-44F9-B190-168D4794AB58}.Debug|iPhone.Deploy.0 = Debug|Any CPU
		{A3BFE561-29A1-44F9-B190-168D4794AB58}.Debug|iPhoneSimulator.ActiveCfg = Debug|Any CPU
		{A3BFE561-29A1-44F9-B190-168D4794AB58}.Debug|iPhoneSimulator.Build.0 = Debug|Any CPU
		{A3BFE561-29A1-44F9-B190-168D4794AB58}.Debug|iPhoneSimulator.Deploy.0 = Debug|Any CPU
		{A3BFE561-29A1-44F9-B190-168D4794AB58}.Release|Any CPU.ActiveCfg = Release|Any CPU
		{A3BFE561-29A1-44F9-B190-168D4794AB58}.Release|Any CPU.Build.0 = Release|Any CPU
		{A3BFE561-29A1-44F9-B190-168D4794AB58}.Release|Any CPU.Deploy.0 = Release|Any CPU
		{A3BFE561-29A1-44F9-B190-168D4794AB58}.Release|iPhone.ActiveCfg = Release|Any CPU
		{A3BFE561-29A1-44F9-B190-168D4794AB58}.Release|iPhone.Build.0 = Release|Any CPU
		{A3BFE561-29A1-44F9-B190-168D4794AB58}.Release|iPhone.Deploy.0 = Release|Any CPU
		{A3BFE561-29A1-44F9-B190-168D4794AB58}.Release|iPhoneSimulator.ActiveCfg = Release|Any CPU
		{A3BFE561-29A1-44F9-B190-168D4794AB58}.Release|iPhoneSimulator.Build.0 = Release|Any CPU
		{A3BFE561-29A1-44F9-B190-168D4794AB58}.Release|iPhoneSimulator.Deploy.0 = Release|Any CPU
		{864FE0BF-BB14-4868-88F3-2C346B902639}.Debug|Any CPU.ActiveCfg = Debug|iPhone
		{864FE0BF-BB14-4868-88F3-2C346B902639}.Debug|iPhone.ActiveCfg = Debug|iPhone
		{864FE0BF-BB14-4868-88F3-2C346B902639}.Debug|iPhone.Build.0 = Debug|iPhone
		{864FE0BF-BB14-4868-88F3-2C346B902639}.Debug|iPhoneSimulator.ActiveCfg = Debug|iPhoneSimulator
		{864FE0BF-BB14-4868-88F3-2C346B902639}.Debug|iPhoneSimulator.Build.0 = Debug|iPhoneSimulator
		{864FE0BF-BB14-4868-88F3-2C346B902639}.Release|Any CPU.ActiveCfg = Release|iPhone
		{864FE0BF-BB14-4868-88F3-2C346B902639}.Release|iPhone.ActiveCfg = Release|iPhone
		{864FE0BF-BB14-4868-88F3-2C346B902639}.Release|iPhone.Build.0 = Release|iPhone
		{864FE0BF-BB14-4868-88F3-2C346B902639}.Release|iPhoneSimulator.ActiveCfg = Release|iPhoneSimulator
		{864FE0BF-BB14-4868-88F3-2C346B902639}.Release|iPhoneSimulator.Build.0 = Release|iPhoneSimulator
		{9F169AF0-AB75-4DFD-AB2C-53AD54B7BBA5}.Debug|Any CPU.ActiveCfg = Debug|Any CPU
		{9F169AF0-AB75-4DFD-AB2C-53AD54B7BBA5}.Debug|Any CPU.Build.0 = Debug|Any CPU
		{9F169AF0-AB75-4DFD-AB2C-53AD54B7BBA5}.Debug|iPhone.ActiveCfg = Debug|Any CPU
		{9F169AF0-AB75-4DFD-AB2C-53AD54B7BBA5}.Debug|iPhone.Build.0 = Debug|Any CPU
		{9F169AF0-AB75-4DFD-AB2C-53AD54B7BBA5}.Debug|iPhoneSimulator.ActiveCfg = Debug|Any CPU
		{9F169AF0-AB75-4DFD-AB2C-53AD54B7BBA5}.Debug|iPhoneSimulator.Build.0 = Debug|Any CPU
		{9F169AF0-AB75-4DFD-AB2C-53AD54B7BBA5}.Release|Any CPU.ActiveCfg = Release|Any CPU
		{9F169AF0-AB75-4DFD-AB2C-53AD54B7BBA5}.Release|Any CPU.Build.0 = Release|Any CPU
		{9F169AF0-AB75-4DFD-AB2C-53AD54B7BBA5}.Release|iPhone.ActiveCfg = Release|Any CPU
		{9F169AF0-AB75-4DFD-AB2C-53AD54B7BBA5}.Release|iPhone.Build.0 = Release|Any CPU
		{9F169AF0-AB75-4DFD-AB2C-53AD54B7BBA5}.Release|iPhoneSimulator.ActiveCfg = Release|Any CPU
		{9F169AF0-AB75-4DFD-AB2C-53AD54B7BBA5}.Release|iPhoneSimulator.Build.0 = Release|Any CPU
		{C6CFA51C-6ACE-4201-BE7C-F20DB688388C}.Debug|Any CPU.ActiveCfg = Debug|Any CPU
		{C6CFA51C-6ACE-4201-BE7C-F20DB688388C}.Debug|Any CPU.Build.0 = Debug|Any CPU
		{C6CFA51C-6ACE-4201-BE7C-F20DB688388C}.Debug|iPhone.ActiveCfg = Debug|Any CPU
		{C6CFA51C-6ACE-4201-BE7C-F20DB688388C}.Debug|iPhone.Build.0 = Debug|Any CPU
		{C6CFA51C-6ACE-4201-BE7C-F20DB688388C}.Debug|iPhoneSimulator.ActiveCfg = Debug|Any CPU
		{C6CFA51C-6ACE-4201-BE7C-F20DB688388C}.Debug|iPhoneSimulator.Build.0 = Debug|Any CPU
		{C6CFA51C-6ACE-4201-BE7C-F20DB688388C}.Release|Any CPU.ActiveCfg = Release|Any CPU
		{C6CFA51C-6ACE-4201-BE7C-F20DB688388C}.Release|Any CPU.Build.0 = Release|Any CPU
		{C6CFA51C-6ACE-4201-BE7C-F20DB688388C}.Release|iPhone.ActiveCfg = Release|Any CPU
		{C6CFA51C-6ACE-4201-BE7C-F20DB688388C}.Release|iPhone.Build.0 = Release|Any CPU
		{C6CFA51C-6ACE-4201-BE7C-F20DB688388C}.Release|iPhoneSimulator.ActiveCfg = Release|Any CPU
		{C6CFA51C-6ACE-4201-BE7C-F20DB688388C}.Release|iPhoneSimulator.Build.0 = Release|Any CPU
	EndGlobalSection
	GlobalSection(SolutionProperties) = preSolution
		HideSolutionNode = FALSE
	EndGlobalSection
	GlobalSection(ExtensibilityGlobals) = postSolution
		SolutionGuid = {95CB8FEF-3F78-461B-BF74-36A697C80EAD}
	EndGlobalSection
EndGlobal
