
Microsoft Visual Studio Solution File, Format Version 12.00
# Visual Studio Version 17
VisualStudioVersion = 17.1.32228.430
MinimumVisualStudioVersion = 10.0.40219.1
Project("{9A19103F-16F7-4668-BE54-9A1E7A4F7556}") = "Domain", "Domain\Domain.csproj", "{76E9FD39-DF6C-46BC-AC3D-33B30B864278}"
EndProject
Project("{9A19103F-16F7-4668-BE54-9A1E7A4F7556}") = "Persistence", "Persistence\Persistence.csproj", "{441F054A-B31A-43B4-964C-BAABF6EDE145}"
EndProject
Project("{9A19103F-16F7-4668-BE54-9A1E7A4F7556}") = "Common", "Common\Common.csproj", "{B2B14E2F-2AD7-4FA2-B59E-D9CB34B5BEF3}"
EndProject
Project("{9A19103F-16F7-4668-BE54-9A1E7A4F7556}") = "Common.Test", "Common.Test\Common.Test.csproj", "{541DEBBA-EFBE-410F-B55F-BEE25402A251}"
EndProject
Project("{9A19103F-16F7-4668-BE54-9A1E7A4F7556}") = "Persistence.Test", "Persistence.Test\Persistence.Test.csproj", "{86627E5A-1332-4F92-95B2-55F94C106BC4}"
EndProject
Project("{9A19103F-16F7-4668-BE54-9A1E7A4F7556}") = "Validator.Test", "Validator.Test\Validator.Test.csproj", "{40672828-0131-4CEF-A8F8-73A99F0311A6}"
EndProject
Project("{9A19103F-16F7-4668-BE54-9A1E7A4F7556}") = "Util.Test", "Util.Test\Util.Test.csproj", "{F65F74CD-3E5F-4058-9955-BBA01E828646}"
EndProject
Project("{9A19103F-16F7-4668-BE54-9A1E7A4F7556}") = "Quizino.Identity", "Quizino.Identity\Quizino.Identity.csproj", "{240113C1-8775-492D-9A33-53A1650C8E9C}"
EndProject
Project("{9A19103F-16F7-4668-BE54-9A1E7A4F7556}") = "IdentityServer", "IdentityServer\IdentityServer.csproj", "{00B80FF0-58D1-4BDB-8A1D-EE3B5BC6FA62}"
EndProject
Global
	GlobalSection(SolutionConfigurationPlatforms) = preSolution
		Debug|Any CPU = Debug|Any CPU
		Debug|iPhone = Debug|iPhone
		Debug|iPhoneSimulator = Debug|iPhoneSimulator
		Release|Any CPU = Release|Any CPU
		Release|iPhone = Release|iPhone
		Release|iPhoneSimulator = Release|iPhoneSimulator
	EndGlobalSection
	GlobalSection(ProjectConfigurationPlatforms) = postSolution
		{76E9FD39-DF6C-46BC-AC3D-33B30B864278}.Debug|Any CPU.ActiveCfg = Debug|Any CPU
		{76E9FD39-DF6C-46BC-AC3D-33B30B864278}.Debug|Any CPU.Build.0 = Debug|Any CPU
		{76E9FD39-DF6C-46BC-AC3D-33B30B864278}.Debug|iPhone.ActiveCfg = Debug|Any CPU
		{76E9FD39-DF6C-46BC-AC3D-33B30B864278}.Debug|iPhone.Build.0 = Debug|Any CPU
		{76E9FD39-DF6C-46BC-AC3D-33B30B864278}.Debug|iPhoneSimulator.ActiveCfg = Debug|Any CPU
		{76E9FD39-DF6C-46BC-AC3D-33B30B864278}.Debug|iPhoneSimulator.Build.0 = Debug|Any CPU
		{76E9FD39-DF6C-46BC-AC3D-33B30B864278}.Release|Any CPU.ActiveCfg = Release|Any CPU
		{76E9FD39-DF6C-46BC-AC3D-33B30B864278}.Release|Any CPU.Build.0 = Release|Any CPU
		{76E9FD39-DF6C-46BC-AC3D-33B30B864278}.Release|iPhone.ActiveCfg = Release|Any CPU
		{76E9FD39-DF6C-46BC-AC3D-33B30B864278}.Release|iPhone.Build.0 = Release|Any CPU
		{76E9FD39-DF6C-46BC-AC3D-33B30B864278}.Release|iPhoneSimulator.ActiveCfg = Release|Any CPU
		{76E9FD39-DF6C-46BC-AC3D-33B30B864278}.Release|iPhoneSimulator.Build.0 = Release|Any CPU
		{441F054A-B31A-43B4-964C-BAABF6EDE145}.Debug|Any CPU.ActiveCfg = Debug|Any CPU
		{441F054A-B31A-43B4-964C-BAABF6EDE145}.Debug|Any CPU.Build.0 = Debug|Any CPU
		{441F054A-B31A-43B4-964C-BAABF6EDE145}.Debug|iPhone.ActiveCfg = Debug|Any CPU
		{441F054A-B31A-43B4-964C-BAABF6EDE145}.Debug|iPhone.Build.0 = Debug|Any CPU
		{441F054A-B31A-43B4-964C-BAABF6EDE145}.Debug|iPhoneSimulator.ActiveCfg = Debug|Any CPU
		{441F054A-B31A-43B4-964C-BAABF6EDE145}.Debug|iPhoneSimulator.Build.0 = Debug|Any CPU
		{441F054A-B31A-43B4-964C-BAABF6EDE145}.Release|Any CPU.ActiveCfg = Release|Any CPU
		{441F054A-B31A-43B4-964C-BAABF6EDE145}.Release|Any CPU.Build.0 = Release|Any CPU
		{441F054A-B31A-43B4-964C-BAABF6EDE145}.Release|iPhone.ActiveCfg = Release|Any CPU
		{441F054A-B31A-43B4-964C-BAABF6EDE145}.Release|iPhone.Build.0 = Release|Any CPU
		{441F054A-B31A-43B4-964C-BAABF6EDE145}.Release|iPhoneSimulator.ActiveCfg = Release|Any CPU
		{441F054A-B31A-43B4-964C-BAABF6EDE145}.Release|iPhoneSimulator.Build.0 = Release|Any CPU
		{B2B14E2F-2AD7-4FA2-B59E-D9CB34B5BEF3}.Debug|Any CPU.ActiveCfg = Debug|Any CPU
		{B2B14E2F-2AD7-4FA2-B59E-D9CB34B5BEF3}.Debug|Any CPU.Build.0 = Debug|Any CPU
		{B2B14E2F-2AD7-4FA2-B59E-D9CB34B5BEF3}.Debug|iPhone.ActiveCfg = Debug|Any CPU
		{B2B14E2F-2AD7-4FA2-B59E-D9CB34B5BEF3}.Debug|iPhone.Build.0 = Debug|Any CPU
		{B2B14E2F-2AD7-4FA2-B59E-D9CB34B5BEF3}.Debug|iPhoneSimulator.ActiveCfg = Debug|Any CPU
		{B2B14E2F-2AD7-4FA2-B59E-D9CB34B5BEF3}.Debug|iPhoneSimulator.Build.0 = Debug|Any CPU
		{B2B14E2F-2AD7-4FA2-B59E-D9CB34B5BEF3}.Release|Any CPU.ActiveCfg = Release|Any CPU
		{B2B14E2F-2AD7-4FA2-B59E-D9CB34B5BEF3}.Release|Any CPU.Build.0 = Release|Any CPU
		{B2B14E2F-2AD7-4FA2-B59E-D9CB34B5BEF3}.Release|iPhone.ActiveCfg = Release|Any CPU
		{B2B14E2F-2AD7-4FA2-B59E-D9CB34B5BEF3}.Release|iPhone.Build.0 = Release|Any CPU
		{B2B14E2F-2AD7-4FA2-B59E-D9CB34B5BEF3}.Release|iPhoneSimulator.ActiveCfg = Release|Any CPU
		{B2B14E2F-2AD7-4FA2-B59E-D9CB34B5BEF3}.Release|iPhoneSimulator.Build.0 = Release|Any CPU
		{541DEBBA-EFBE-410F-B55F-BEE25402A251}.Debug|Any CPU.ActiveCfg = Debug|Any CPU
		{541DEBBA-EFBE-410F-B55F-BEE25402A251}.Debug|Any CPU.Build.0 = Debug|Any CPU
		{541DEBBA-EFBE-410F-B55F-BEE25402A251}.Debug|iPhone.ActiveCfg = Debug|Any CPU
		{541DEBBA-EFBE-410F-B55F-BEE25402A251}.Debug|iPhone.Build.0 = Debug|Any CPU
		{541DEBBA-EFBE-410F-B55F-BEE25402A251}.Debug|iPhoneSimulator.ActiveCfg = Debug|Any CPU
		{541DEBBA-EFBE-410F-B55F-BEE25402A251}.Debug|iPhoneSimulator.Build.0 = Debug|Any CPU
		{541DEBBA-EFBE-410F-B55F-BEE25402A251}.Release|Any CPU.ActiveCfg = Release|Any CPU
		{541DEBBA-EFBE-410F-B55F-BEE25402A251}.Release|Any CPU.Build.0 = Release|Any CPU
		{541DEBBA-EFBE-410F-B55F-BEE25402A251}.Release|iPhone.ActiveCfg = Release|Any CPU
		{541DEBBA-EFBE-410F-B55F-BEE25402A251}.Release|iPhone.Build.0 = Release|Any CPU
		{541DEBBA-EFBE-410F-B55F-BEE25402A251}.Release|iPhoneSimulator.ActiveCfg = Release|Any CPU
		{541DEBBA-EFBE-410F-B55F-BEE25402A251}.Release|iPhoneSimulator.Build.0 = Release|Any CPU
		{86627E5A-1332-4F92-95B2-55F94C106BC4}.Debug|Any CPU.ActiveCfg = Debug|Any CPU
		{86627E5A-1332-4F92-95B2-55F94C106BC4}.Debug|Any CPU.Build.0 = Debug|Any CPU
		{86627E5A-1332-4F92-95B2-55F94C106BC4}.Debug|iPhone.ActiveCfg = Debug|Any CPU
		{86627E5A-1332-4F92-95B2-55F94C106BC4}.Debug|iPhone.Build.0 = Debug|Any CPU
		{86627E5A-1332-4F92-95B2-55F94C106BC4}.Debug|iPhoneSimulator.ActiveCfg = Debug|Any CPU
		{86627E5A-1332-4F92-95B2-55F94C106BC4}.Debug|iPhoneSimulator.Build.0 = Debug|Any CPU
		{86627E5A-1332-4F92-95B2-55F94C106BC4}.Release|Any CPU.ActiveCfg = Release|Any CPU
		{86627E5A-1332-4F92-95B2-55F94C106BC4}.Release|Any CPU.Build.0 = Release|Any CPU
		{86627E5A-1332-4F92-95B2-55F94C106BC4}.Release|iPhone.ActiveCfg = Release|Any CPU
		{86627E5A-1332-4F92-95B2-55F94C106BC4}.Release|iPhone.Build.0 = Release|Any CPU
		{86627E5A-1332-4F92-95B2-55F94C106BC4}.Release|iPhoneSimulator.ActiveCfg = Release|Any CPU
		{86627E5A-1332-4F92-95B2-55F94C106BC4}.Release|iPhoneSimulator.Build.0 = Release|Any CPU
		{40672828-0131-4CEF-A8F8-73A99F0311A6}.Debug|Any CPU.ActiveCfg = Debug|Any CPU
		{40672828-0131-4CEF-A8F8-73A99F0311A6}.Debug|Any CPU.Build.0 = Debug|Any CPU
		{40672828-0131-4CEF-A8F8-73A99F0311A6}.Debug|iPhone.ActiveCfg = Debug|Any CPU
		{40672828-0131-4CEF-A8F8-73A99F0311A6}.Debug|iPhone.Build.0 = Debug|Any CPU
		{40672828-0131-4CEF-A8F8-73A99F0311A6}.Debug|iPhoneSimulator.ActiveCfg = Debug|Any CPU
		{40672828-0131-4CEF-A8F8-73A99F0311A6}.Debug|iPhoneSimulator.Build.0 = Debug|Any CPU
		{40672828-0131-4CEF-A8F8-73A99F0311A6}.Release|Any CPU.ActiveCfg = Release|Any CPU
		{40672828-0131-4CEF-A8F8-73A99F0311A6}.Release|Any CPU.Build.0 = Release|Any CPU
		{40672828-0131-4CEF-A8F8-73A99F0311A6}.Release|iPhone.ActiveCfg = Release|Any CPU
		{40672828-0131-4CEF-A8F8-73A99F0311A6}.Release|iPhone.Build.0 = Release|Any CPU
		{40672828-0131-4CEF-A8F8-73A99F0311A6}.Release|iPhoneSimulator.ActiveCfg = Release|Any CPU
		{40672828-0131-4CEF-A8F8-73A99F0311A6}.Release|iPhoneSimulator.Build.0 = Release|Any CPU
		{F65F74CD-3E5F-4058-9955-BBA01E828646}.Debug|Any CPU.ActiveCfg = Debug|Any CPU
		{F65F74CD-3E5F-4058-9955-BBA01E828646}.Debug|Any CPU.Build.0 = Debug|Any CPU
		{F65F74CD-3E5F-4058-9955-BBA01E828646}.Debug|iPhone.ActiveCfg = Debug|Any CPU
		{F65F74CD-3E5F-4058-9955-BBA01E828646}.Debug|iPhone.Build.0 = Debug|Any CPU
		{F65F74CD-3E5F-4058-9955-BBA01E828646}.Debug|iPhoneSimulator.ActiveCfg = Debug|Any CPU
		{F65F74CD-3E5F-4058-9955-BBA01E828646}.Debug|iPhoneSimulator.Build.0 = Debug|Any CPU
		{F65F74CD-3E5F-4058-9955-BBA01E828646}.Release|Any CPU.ActiveCfg = Release|Any CPU
		{F65F74CD-3E5F-4058-9955-BBA01E828646}.Release|Any CPU.Build.0 = Release|Any CPU
		{F65F74CD-3E5F-4058-9955-BBA01E828646}.Release|iPhone.ActiveCfg = Release|Any CPU
		{F65F74CD-3E5F-4058-9955-BBA01E828646}.Release|iPhone.Build.0 = Release|Any CPU
		{F65F74CD-3E5F-4058-9955-BBA01E828646}.Release|iPhoneSimulator.ActiveCfg = Release|Any CPU
		{F65F74CD-3E5F-4058-9955-BBA01E828646}.Release|iPhoneSimulator.Build.0 = Release|Any CPU
		{240113C1-8775-492D-9A33-53A1650C8E9C}.Debug|Any CPU.ActiveCfg = Debug|Any CPU
		{240113C1-8775-492D-9A33-53A1650C8E9C}.Debug|Any CPU.Build.0 = Debug|Any CPU
		{240113C1-8775-492D-9A33-53A1650C8E9C}.Debug|iPhone.ActiveCfg = Debug|Any CPU
		{240113C1-8775-492D-9A33-53A1650C8E9C}.Debug|iPhone.Build.0 = Debug|Any CPU
		{240113C1-8775-492D-9A33-53A1650C8E9C}.Debug|iPhoneSimulator.ActiveCfg = Debug|Any CPU
		{240113C1-8775-492D-9A33-53A1650C8E9C}.Debug|iPhoneSimulator.Build.0 = Debug|Any CPU
		{240113C1-8775-492D-9A33-53A1650C8E9C}.Release|Any CPU.ActiveCfg = Release|Any CPU
		{240113C1-8775-492D-9A33-53A1650C8E9C}.Release|Any CPU.Build.0 = Release|Any CPU
		{240113C1-8775-492D-9A33-53A1650C8E9C}.Release|iPhone.ActiveCfg = Release|Any CPU
		{240113C1-8775-492D-9A33-53A1650C8E9C}.Release|iPhone.Build.0 = Release|Any CPU
		{240113C1-8775-492D-9A33-53A1650C8E9C}.Release|iPhoneSimulator.ActiveCfg = Release|Any CPU
		{240113C1-8775-492D-9A33-53A1650C8E9C}.Release|iPhoneSimulator.Build.0 = Release|Any CPU
		{00B80FF0-58D1-4BDB-8A1D-EE3B5BC6FA62}.Debug|Any CPU.ActiveCfg = Debug|Any CPU
		{00B80FF0-58D1-4BDB-8A1D-EE3B5BC6FA62}.Debug|Any CPU.Build.0 = Debug|Any CPU
		{00B80FF0-58D1-4BDB-8A1D-EE3B5BC6FA62}.Debug|iPhone.ActiveCfg = Debug|Any CPU
		{00B80FF0-58D1-4BDB-8A1D-EE3B5BC6FA62}.Debug|iPhone.Build.0 = Debug|Any CPU
		{00B80FF0-58D1-4BDB-8A1D-EE3B5BC6FA62}.Debug|iPhoneSimulator.ActiveCfg = Debug|Any CPU
		{00B80FF0-58D1-4BDB-8A1D-EE3B5BC6FA62}.Debug|iPhoneSimulator.Build.0 = Debug|Any CPU
		{00B80FF0-58D1-4BDB-8A1D-EE3B5BC6FA62}.Release|Any CPU.ActiveCfg = Release|Any CPU
		{00B80FF0-58D1-4BDB-8A1D-EE3B5BC6FA62}.Release|Any CPU.Build.0 = Release|Any CPU
		{00B80FF0-58D1-4BDB-8A1D-EE3B5BC6FA62}.Release|iPhone.ActiveCfg = Release|Any CPU
		{00B80FF0-58D1-4BDB-8A1D-EE3B5BC6FA62}.Release|iPhone.Build.0 = Release|Any CPU
		{00B80FF0-58D1-4BDB-8A1D-EE3B5BC6FA62}.Release|iPhoneSimulator.ActiveCfg = Release|Any CPU
		{00B80FF0-58D1-4BDB-8A1D-EE3B5BC6FA62}.Release|iPhoneSimulator.Build.0 = Release|Any CPU
	EndGlobalSection
	GlobalSection(SolutionProperties) = preSolution
		HideSolutionNode = FALSE
	EndGlobalSection
	GlobalSection(ExtensibilityGlobals) = postSolution
		SolutionGuid = {95CB8FEF-3F78-461B-BF74-36A697C80EAD}
	EndGlobalSection
EndGlobal
